
Microsoft Visual Studio Solution File, Format Version 12.00
# Visual Studio Version 17
VisualStudioVersion = 17.0.31919.166
MinimumVisualStudioVersion = 10.0.40219.1
Project("{FAE04EC0-301F-11D3-BF4B-00C04F79EFBC}") = "VTYS_Netflix", "VTYS_Netflix\VTYS_Netflix.csproj", "{C48577B6-CDEA-4FA9-AA66-DCDFCA7093E5}"
EndProject
Global
	GlobalSection(SolutionConfigurationPlatforms) = preSolution
		Debug|Any CPU = Debug|Any CPU
		Release|Any CPU = Release|Any CPU
	EndGlobalSection
	GlobalSection(ProjectConfigurationPlatforms) = postSolution
		{C48577B6-CDEA-4FA9-AA66-DCDFCA7093E5}.Debug|Any CPU.ActiveCfg = Debug|Any CPU
		{C48577B6-CDEA-4FA9-AA66-DCDFCA7093E5}.Debug|Any CPU.Build.0 = Debug|Any CPU
		{C48577B6-CDEA-4FA9-AA66-DCDFCA7093E5}.Release|Any CPU.ActiveCfg = Release|Any CPU
		{C48577B6-CDEA-4FA9-AA66-DCDFCA7093E5}.Release|Any CPU.Build.0 = Release|Any CPU
	EndGlobalSection
	GlobalSection(SolutionProperties) = preSolution
		HideSolutionNode = FALSE
	EndGlobalSection
	GlobalSection(ExtensibilityGlobals) = postSolution
		SolutionGuid = {924FF4BE-0601-4AEA-B28C-D06B74E6B179}
	EndGlobalSection
EndGlobal
